{
  "version": 4,
  "terraform_version": "1.15.8",
  "serial": 1,
  "lineage": "11111111-1111-1111-1111-111111111111",
  "outputs": {},
  "resources": [
    {
      "mode": "managed",
      "type": "aws_security_group",
      "name": "app",
      "provider": "provider[\"registry.terraform.io/hashicorp/aws\"]",
      "instances": [
        {
          "schema_version": 1,
          "attributes": {
            "id": "sg-0123456789abcdef0",
            "name": "app-sg",
            "description": "demo",
            "ingress": [
              {
                "cidr_blocks": [
                  "0.0.0.0/0"
                ],
                "description": "",
                "from_port": 22,
                "ipv6_cidr_blocks": [],
                "prefix_list_ids": [],
                "protocol": "tcp",
                "security_groups": [],
                "self": false,
                "to_port": 22
              }
            ],
            "arn": "arn:aws:ec2:us-east-1:123456789012:security-group/sg-0123456789abcdef0",
            "name_prefix": null,
            "owner_id": "123456789012",
            "revoke_rules_on_delete": false,
            "tags": {},
            "tags_all": {},
            "vpc_id": "vpc-0123456789abcdef0",
            "egress": [],
            "timeouts": null
          }
        }
      ]
    }
  ]
}